
Microsoft Visual Studio Solution File, Format Version 12.00
# Visual Studio Version 16
VisualStudioVersion = 16.0.31112.23
MinimumVisualStudioVersion = 10.0.40219.1
Project("{9A19103F-16F7-4668-BE54-9A1E7A4F7556}") = "Test", "Test\Test.csproj", "{73902EB8-DDA3-4EFA-8E25-2AE1E8F66A4A}"
EndProject
Project("{9A19103F-16F7-4668-BE54-9A1E7A4F7556}") = "Test.Services", "Test.Services\Test.Services.csproj", "{B328C037-D5A4-4943-A936-F27478E7F64B}"
EndProject
Project("{9A19103F-16F7-4668-BE54-9A1E7A4F7556}") = "Test.Models", "Test.Models\Test.Models.csproj", "{78D615BC-4B6D-4112-BEE9-91C1F7B7F2A9}"
EndProject
Project("{2150E333-8FDC-42A3-9474-1A3956D46DE8}") = "SQLScripts", "SQLScripts", "{82157865-AE5C-417C-B234-34311AC104D3}"
EndProject
Global
	GlobalSection(SolutionConfigurationPlatforms) = preSolution
		Debug|Any CPU = Debug|Any CPU
		Release|Any CPU = Release|Any CPU
	EndGlobalSection
	GlobalSection(ProjectConfigurationPlatforms) = postSolution
		{73902EB8-DDA3-4EFA-8E25-2AE1E8F66A4A}.Debug|Any CPU.ActiveCfg = Debug|Any CPU
		{73902EB8-DDA3-4EFA-8E25-2AE1E8F66A4A}.Debug|Any CPU.Build.0 = Debug|Any CPU
		{73902EB8-DDA3-4EFA-8E25-2AE1E8F66A4A}.Release|Any CPU.ActiveCfg = Release|Any CPU
		{73902EB8-DDA3-4EFA-8E25-2AE1E8F66A4A}.Release|Any CPU.Build.0 = Release|Any CPU
		{B328C037-D5A4-4943-A936-F27478E7F64B}.Debug|Any CPU.ActiveCfg = Debug|Any CPU
		{B328C037-D5A4-4943-A936-F27478E7F64B}.Debug|Any CPU.Build.0 = Debug|Any CPU
		{B328C037-D5A4-4943-A936-F27478E7F64B}.Release|Any CPU.ActiveCfg = Release|Any CPU
		{B328C037-D5A4-4943-A936-F27478E7F64B}.Release|Any CPU.Build.0 = Release|Any CPU
		{78D615BC-4B6D-4112-BEE9-91C1F7B7F2A9}.Debug|Any CPU.ActiveCfg = Debug|Any CPU
		{78D615BC-4B6D-4112-BEE9-91C1F7B7F2A9}.Debug|Any CPU.Build.0 = Debug|Any CPU
		{78D615BC-4B6D-4112-BEE9-91C1F7B7F2A9}.Release|Any CPU.ActiveCfg = Release|Any CPU
		{78D615BC-4B6D-4112-BEE9-91C1F7B7F2A9}.Release|Any CPU.Build.0 = Release|Any CPU
	EndGlobalSection
	GlobalSection(SolutionProperties) = preSolution
		HideSolutionNode = FALSE
	EndGlobalSection
	GlobalSection(ExtensibilityGlobals) = postSolution
		SolutionGuid = {FB3D3A06-7772-405D-9AAA-FCF9D29F20B3}
	EndGlobalSection
EndGlobal
